
Microsoft Visual Studio Solution File, Format Version 12.00
# Visual Studio Version 17
VisualStudioVersion = 17.14.36414.22 d17.14
MinimumVisualStudioVersion = 10.0.40219.1
Project("{FAE04EC0-301F-11D3-BF4B-00C04F79EFBC}") = "PM4_Module_Variant4", "PM4_Module_Variant4\PM4_Module_Variant4.csproj", "{EF275279-B290-4770-B1C4-4D3A9B31AE09}"
EndProject
Global
	GlobalSection(SolutionConfigurationPlatforms) = preSolution
		Debug|Any CPU = Debug|Any CPU
		Release|Any CPU = Release|Any CPU
	EndGlobalSection
	GlobalSection(ProjectConfigurationPlatforms) = postSolution
		{EF275279-B290-4770-B1C4-4D3A9B31AE09}.Debug|Any CPU.ActiveCfg = Debug|Any CPU
		{EF275279-B290-4770-B1C4-4D3A9B31AE09}.Debug|Any CPU.Build.0 = Debug|Any CPU
		{EF275279-B290-4770-B1C4-4D3A9B31AE09}.Release|Any CPU.ActiveCfg = Release|Any CPU
		{EF275279-B290-4770-B1C4-4D3A9B31AE09}.Release|Any CPU.Build.0 = Release|Any CPU
	EndGlobalSection
	GlobalSection(SolutionProperties) = preSolution
		HideSolutionNode = FALSE
	EndGlobalSection
	GlobalSection(ExtensibilityGlobals) = postSolution
		SolutionGuid = {02560BF5-588A-4E8D-8BD3-3001BB3CC5CB}
	EndGlobalSection
EndGlobal
